
Microsoft Visual Studio Solution File, Format Version 12.00
# Visual Studio Version 17
VisualStudioVersion = 17.8.34408.163
MinimumVisualStudioVersion = 10.0.40219.1
Project("{9A19103F-16F7-4668-BE54-9A1E7A4F7556}") = "PrimeiroProjeto", "PrimeiroProjeto\PrimeiroProjeto.csproj", "{A14895CF-77FF-45C5-A5FA-6F1902F7C09C}"
EndProject
Project("{9A19103F-16F7-4668-BE54-9A1E7A4F7556}") = "SegundoProjeto", "SegundoProjeto\SegundoProjeto.csproj", "{18BEF272-E840-480A-AA43-784363D34E12}"
EndProject
Project("{9A19103F-16F7-4668-BE54-9A1E7A4F7556}") = "TerceiroProjeto", "TerceiroProjeto\TerceiroProjeto.csproj", "{F4C126DD-8106-486E-B7A6-C71BDF8C1A9B}"
EndProject
Project("{9A19103F-16F7-4668-BE54-9A1E7A4F7556}") = "AtividadeCSharp", "AtividadeCSharp\AtividadeCSharp.csproj", "{541ACD40-8F70-4468-ABED-C8372082CA54}"
EndProject
Project("{9A19103F-16F7-4668-BE54-9A1E7A4F7556}") = "QuartoProjeto", "QuartoProjeto\QuartoProjeto.csproj", "{8458A427-4454-4FB2-A2C7-ABC2D1150F18}"
EndProject
Project("{FAE04EC0-301F-11D3-BF4B-00C04F79EFBC}") = "QuintoProjeto", "QuintoProjeto\QuintoProjeto.csproj", "{02723D4E-6B6B-4DE1-A3C4-815D48C80FB6}"
EndProject
Global
	GlobalSection(SolutionConfigurationPlatforms) = preSolution
		Debug|Any CPU = Debug|Any CPU
		Release|Any CPU = Release|Any CPU
	EndGlobalSection
	GlobalSection(ProjectConfigurationPlatforms) = postSolution
		{A14895CF-77FF-45C5-A5FA-6F1902F7C09C}.Debug|Any CPU.ActiveCfg = Debug|Any CPU
		{A14895CF-77FF-45C5-A5FA-6F1902F7C09C}.Debug|Any CPU.Build.0 = Debug|Any CPU
		{A14895CF-77FF-45C5-A5FA-6F1902F7C09C}.Release|Any CPU.ActiveCfg = Release|Any CPU
		{A14895CF-77FF-45C5-A5FA-6F1902F7C09C}.Release|Any CPU.Build.0 = Release|Any CPU
		{18BEF272-E840-480A-AA43-784363D34E12}.Debug|Any CPU.ActiveCfg = Debug|Any CPU
		{18BEF272-E840-480A-AA43-784363D34E12}.Debug|Any CPU.Build.0 = Debug|Any CPU
		{18BEF272-E840-480A-AA43-784363D34E12}.Release|Any CPU.ActiveCfg = Release|Any CPU
		{18BEF272-E840-480A-AA43-784363D34E12}.Release|Any CPU.Build.0 = Release|Any CPU
		{F4C126DD-8106-486E-B7A6-C71BDF8C1A9B}.Debug|Any CPU.ActiveCfg = Debug|Any CPU
		{F4C126DD-8106-486E-B7A6-C71BDF8C1A9B}.Debug|Any CPU.Build.0 = Debug|Any CPU
		{F4C126DD-8106-486E-B7A6-C71BDF8C1A9B}.Release|Any CPU.ActiveCfg = Release|Any CPU
		{F4C126DD-8106-486E-B7A6-C71BDF8C1A9B}.Release|Any CPU.Build.0 = Release|Any CPU
		{541ACD40-8F70-4468-ABED-C8372082CA54}.Debug|Any CPU.ActiveCfg = Debug|Any CPU
		{541ACD40-8F70-4468-ABED-C8372082CA54}.Debug|Any CPU.Build.0 = Debug|Any CPU
		{541ACD40-8F70-4468-ABED-C8372082CA54}.Release|Any CPU.ActiveCfg = Release|Any CPU
		{541ACD40-8F70-4468-ABED-C8372082CA54}.Release|Any CPU.Build.0 = Release|Any CPU
		{8458A427-4454-4FB2-A2C7-ABC2D1150F18}.Debug|Any CPU.ActiveCfg = Debug|Any CPU
		{8458A427-4454-4FB2-A2C7-ABC2D1150F18}.Debug|Any CPU.Build.0 = Debug|Any CPU
		{8458A427-4454-4FB2-A2C7-ABC2D1150F18}.Release|Any CPU.ActiveCfg = Release|Any CPU
		{8458A427-4454-4FB2-A2C7-ABC2D1150F18}.Release|Any CPU.Build.0 = Release|Any CPU
		{02723D4E-6B6B-4DE1-A3C4-815D48C80FB6}.Debug|Any CPU.ActiveCfg = Debug|Any CPU
		{02723D4E-6B6B-4DE1-A3C4-815D48C80FB6}.Debug|Any CPU.Build.0 = Debug|Any CPU
		{02723D4E-6B6B-4DE1-A3C4-815D48C80FB6}.Release|Any CPU.ActiveCfg = Release|Any CPU
		{02723D4E-6B6B-4DE1-A3C4-815D48C80FB6}.Release|Any CPU.Build.0 = Release|Any CPU
	EndGlobalSection
	GlobalSection(SolutionProperties) = preSolution
		HideSolutionNode = FALSE
	EndGlobalSection
	GlobalSection(ExtensibilityGlobals) = postSolution
		SolutionGuid = {297EF2B4-8662-442B-900E-3D308D1B2E71}
	EndGlobalSection
EndGlobal
